<?xml version="1.0" encoding="utf-8"?>
<Project ToolsVersion="4.0" xmlns="http://schemas.microsoft.com/developer/msbuild/2003">
  <ItemGroup>
    <Filter Include="Source Files">
      <UniqueIdentifier>{4FC737F1-C7A5-4376-A066-2A32D752A2FF}</UniqueIdentifier>
      <Extensions>cpp;c;cc;cxx;def;odl;idl;hpj;bat;asm;asmx</Extensions>
    </Filter>
    <Filter Include="Header Files">
      <UniqueIdentifier>{93995380-89BD-4b04-88EB-625FBE52EBFB}</UniqueIdentifier>
      <Extensions>h;hh;hpp;hxx;hm;inl;inc;xsd</Extensions>
    </Filter>
    <Filter Include="Resource Files">
      <UniqueIdentifier>{67DA6AB6-F800-4c08-8B7A-83BB121AAD01}</UniqueIdentifier>
      <Extensions>rc;ico;cur;bmp;dlg;rc2;rct;bin;rgs;gif;jpg;jpeg;jpe;resx;tiff;tif;png;wav;mfcribbon-ms</Extensions>
    </Filter>
    <Filter Include="Source Files\morph">
      <UniqueIdentifier>{ced49270-b89f-45cc-bdbd-8b77633e0a2e}</UniqueIdentifier>
    </Filter>
    <Filter Include="Header Files\morph">
      <UniqueIdentifier>{9189681c-162a-4a5a-a076-cc9ea8f6fe38}</UniqueIdentifier>
    </Filter>
    <Filter Include="Header Files\morph\CollMasks">
      <UniqueIdentifier>{eaaf76ec-c5b9-44f6-b259-0ac05a96efae}</UniqueIdentifier>
    </Filter>
    <Filter Include="Header Files\morph\Objects">
      <UniqueIdentifier>{e8284ee4-782a-4ba8-b10b-1bf4e4c11207}</UniqueIdentifier>
    </Filter>
    <Filter Include="Header Files\morph\Looks">
      <UniqueIdentifier>{54851195-16dd-4bdd-a4cb-32de7d54ee36}</UniqueIdentifier>
    </Filter>
    <Filter Include="Header Files\morph\ResConts">
      <UniqueIdentifier>{40c856f6-4e45-4158-a8c3-8ff8be433939}</UniqueIdentifier>
    </Filter>
    <Filter Include="Source Files\morph\CollMasks">
      <UniqueIdentifier>{91c4d78f-e292-40c4-a2e1-fb2abd777dfe}</UniqueIdentifier>
    </Filter>
    <Filter Include="Source Files\morph\Looks">
      <UniqueIdentifier>{b89db68a-5088-4105-920a-c1a3e34d9d88}</UniqueIdentifier>
    </Filter>
    <Filter Include="Source Files\morph\ResConts">
      <UniqueIdentifier>{2acfcba4-afeb-4fa6-a6c7-42adf3df577e}</UniqueIdentifier>
    </Filter>
    <Filter Include="Source Files\morph\Objects">
      <UniqueIdentifier>{b684345c-4f2e-4ea3-8363-6be38e4002e5}</UniqueIdentifier>
    </Filter>
    <Filter Include="Source Files\pugixml">
      <UniqueIdentifier>{ed6d4015-e73e-4f4f-b24c-fd29de8e31f5}</UniqueIdentifier>
    </Filter>
    <Filter Include="Source Files\libfov">
      <UniqueIdentifier>{524ca870-f04c-46a5-b638-4a58f41cd10d}</UniqueIdentifier>
    </Filter>
    <Filter Include="Header Files\GAME">
      <UniqueIdentifier>{351b8b0b-c70f-4921-a9c9-e7409c0de86c}</UniqueIdentifier>
    </Filter>
    <Filter Include="Header Files\GAME\gen">
      <UniqueIdentifier>{563885eb-0eaf-4add-859d-c65e3e584709}</UniqueIdentifier>
    </Filter>
    <Filter Include="Header Files\GAME\lvl">
      <UniqueIdentifier>{1ca9db26-3c5b-4ca8-900e-c84ebb8c79cf}</UniqueIdentifier>
    </Filter>
    <Filter Include="Header Files\GAME\read">
      <UniqueIdentifier>{6f3efda0-019f-486f-a46a-2b4d0e329c9d}</UniqueIdentifier>
    </Filter>
    <Filter Include="Header Files\GAME\elems">
      <UniqueIdentifier>{71eee19c-4812-4ae8-af6f-0798647b964d}</UniqueIdentifier>
    </Filter>
    <Filter Include="Header Files\GAME\ui">
      <UniqueIdentifier>{b2fa8d6f-127d-4348-936e-fd89db265bfa}</UniqueIdentifier>
    </Filter>
    <Filter Include="Source Files\GAME">
      <UniqueIdentifier>{1660d4be-c6fe-4fa4-8ee6-77b45fc3f49e}</UniqueIdentifier>
    </Filter>
    <Filter Include="Source Files\GAME\gen">
      <UniqueIdentifier>{7495c209-6f67-4d5d-b074-bb049461a23e}</UniqueIdentifier>
    </Filter>
    <Filter Include="Source Files\GAME\lvl">
      <UniqueIdentifier>{d43d48a3-25fd-4992-82b6-3a170d70bff8}</UniqueIdentifier>
    </Filter>
    <Filter Include="Source Files\GAME\elems">
      <UniqueIdentifier>{4a445150-92b4-4bf2-8d09-1c91ff2649ad}</UniqueIdentifier>
    </Filter>
    <Filter Include="Source Files\GAME\read">
      <UniqueIdentifier>{1d27ba3b-ca27-40f7-9593-b73f18caebda}</UniqueIdentifier>
    </Filter>
    <Filter Include="Source Files\GAME\ui">
      <UniqueIdentifier>{71903ff9-2e3b-4cb7-afd8-5bcb22e627f5}</UniqueIdentifier>
    </Filter>
    <Filter Include="Header Files\GAME\ai">
      <UniqueIdentifier>{7403d718-b5b7-40a0-963f-bbf80886698a}</UniqueIdentifier>
    </Filter>
    <Filter Include="Source Files\GAME\ai">
      <UniqueIdentifier>{05d355aa-5529-47d0-aa33-8b3bbbe40c0b}</UniqueIdentifier>
    </Filter>
    <Filter Include="Header Files\GAME\main_menu">
      <UniqueIdentifier>{863c5315-70e8-489b-b2ce-098878b12dce}</UniqueIdentifier>
    </Filter>
    <Filter Include="Source Files\GAME\main_menu">
      <UniqueIdentifier>{aca34107-d448-4046-bff2-235959474e22}</UniqueIdentifier>
    </Filter>
    <Filter Include="Header Files\GAME\fx">
      <UniqueIdentifier>{cfdd37be-c27a-42cd-814c-e26edcbde208}</UniqueIdentifier>
    </Filter>
    <Filter Include="Source Files\GAME\fx">
      <UniqueIdentifier>{e07e46f4-f606-40ee-8f85-f778026e37f6}</UniqueIdentifier>
    </Filter>
    <Filter Include="Header Files\GAME\effects">
      <UniqueIdentifier>{d8f0b3ad-5023-4c41-9f7c-52afa533d224}</UniqueIdentifier>
    </Filter>
    <Filter Include="Source Files\GAME\effects">
      <UniqueIdentifier>{82cd8d69-3dcc-4fc9-bb54-f48d77868809}</UniqueIdentifier>
    </Filter>
    <Filter Include="Header Files\GAME\gen\miners">
      <UniqueIdentifier>{3596b85f-0a1b-418b-89dc-739ea89f5ea2}</UniqueIdentifier>
    </Filter>
    <Filter Include="Source Files\GAME\gen\miners">
      <UniqueIdentifier>{4a4d2ebb-1c25-4b27-bf16-ce6934049609}</UniqueIdentifier>
    </Filter>
    <Filter Include="Source Files\GAME\choose_avatar">
      <UniqueIdentifier>{386fac78-1a12-4840-b9e5-bf4ce0a1ea4c}</UniqueIdentifier>
    </Filter>
    <Filter Include="Header Files\GAME\choose_avatar">
      <UniqueIdentifier>{53538edb-2eda-4831-a529-44934808c64a}</UniqueIdentifier>
    </Filter>
  </ItemGroup>
  <ItemGroup>
    <ClCompile Include="..\..\..\Morph_0_7\src\Collisions.cpp">
      <Filter>Source Files\morph</Filter>
    </ClCompile>
    <ClCompile Include="..\..\..\Morph_0_7\src\Flow.cpp">
      <Filter>Source Files\morph</Filter>
    </ClCompile>
    <ClCompile Include="..\..\..\Morph_0_7\src\Object.cpp">
      <Filter>Source Files\morph</Filter>
    </ClCompile>
    <ClCompile Include="..\..\..\Morph_0_7\src\Room.cpp">
      <Filter>Source Files\morph</Filter>
    </ClCompile>
    <ClCompile Include="..\..\..\Morph_0_7\src\Objects\ObjButton.cpp">
      <Filter>Source Files\morph\Objects</Filter>
    </ClCompile>
    <ClCompile Include="..\..\..\Morph_0_7\src\Looks\LookAnimation.cpp">
      <Filter>Source Files\morph\Looks</Filter>
    </ClCompile>
    <ClCompile Include="..\..\..\Morph_0_7\src\Looks\LookCircShape.cpp">
      <Filter>Source Files\morph\Looks</Filter>
    </ClCompile>
    <ClCompile Include="..\..\..\Morph_0_7\src\Looks\LookMulti.cpp">
      <Filter>Source Files\morph\Looks</Filter>
    </ClCompile>
    <ClCompile Include="..\..\..\Morph_0_7\src\Looks\LookRectShape.cpp">
      <Filter>Source Files\morph\Looks</Filter>
    </ClCompile>
    <ClCompile Include="..\..\..\Morph_0_7\src\Looks\LookSprite.cpp">
      <Filter>Source Files\morph\Looks</Filter>
    </ClCompile>
    <ClCompile Include="..\..\..\Morph_0_7\src\CollMasks\CollCirc.cpp">
      <Filter>Source Files\morph\CollMasks</Filter>
    </ClCompile>
    <ClCompile Include="..\..\..\Morph_0_7\src\CollMasks\CollMulti.cpp">
      <Filter>Source Files\morph\CollMasks</Filter>
    </ClCompile>
    <ClCompile Include="..\..\..\Morph_0_7\src\CollMasks\CollRect.cpp">
      <Filter>Source Files\morph\CollMasks</Filter>
    </ClCompile>
    <ClCompile Include="..\..\..\Morph_0_7\src\Looks\LookText.cpp">
      <Filter>Source Files\morph\Looks</Filter>
    </ClCompile>
    <ClCompile Include="..\..\..\pugixml-1.6\src\pugixml.cpp">
      <Filter>Source Files\pugixml</Filter>
    </ClCompile>
    <ClCompile Include="..\..\..\libfov-1.0.4\fov\fov.c">
      <Filter>Source Files\libfov</Filter>
    </ClCompile>
    <ClCompile Include="getRand.cpp">
      <Filter>Source Files\GAME</Filter>
    </ClCompile>
    <ClCompile Include="GlobalFontCont.cpp">
      <Filter>Source Files\GAME</Filter>
    </ClCompile>
    <ClCompile Include="GlobalTextureCont.cpp">
      <Filter>Source Files\GAME</Filter>
    </ClCompile>
    <ClCompile Include="main.cpp">
      <Filter>Source Files\GAME</Filter>
    </ClCompile>
    <ClCompile Include="ArchitectEnchBfs.cpp">
      <Filter>Source Files\GAME\gen</Filter>
    </ClCompile>
    <ClCompile Include="DungeonGenerator.cpp">
      <Filter>Source Files\GAME\gen</Filter>
    </ClCompile>
    <ClCompile Include="FovCalc.cpp">
      <Filter>Source Files\GAME\lvl</Filter>
    </ClCompile>
    <ClCompile Include="Map.cpp">
      <Filter>Source Files\GAME\lvl</Filter>
    </ClCompile>
    <ClCompile Include="Tile.cpp">
      <Filter>Source Files\GAME\lvl</Filter>
    </ClCompile>
    <ClCompile Include="RoomDungeon.cpp">
      <Filter>Source Files\GAME\lvl</Filter>
    </ClCompile>
    <ClCompile Include="Combatant.cpp">
      <Filter>Source Files\GAME\elems</Filter>
    </ClCompile>
    <ClCompile Include="Enemy.cpp">
      <Filter>Source Files\GAME\elems</Filter>
    </ClCompile>
    <ClCompile Include="Item.cpp">
      <Filter>Source Files\GAME\elems</Filter>
    </ClCompile>
    <ClCompile Include="Player.cpp">
      <Filter>Source Files\GAME\elems</Filter>
    </ClCompile>
    <ClCompile Include="DescriptorEnemy.cpp">
      <Filter>Source Files\GAME\read</Filter>
    </ClCompile>
    <ClCompile Include="DescriptorItem.cpp">
      <Filter>Source Files\GAME\read</Filter>
    </ClCompile>
    <ClCompile Include="Descriptors.cpp">
      <Filter>Source Files\GAME\read</Filter>
    </ClCompile>
    <ClCompile Include="UIDungeon.cpp">
      <Filter>Source Files\GAME\ui</Filter>
    </ClCompile>
    <ClCompile Include="Wall.cpp">
      <Filter>Source Files\GAME\elems</Filter>
    </ClCompile>
    <ClCompile Include="UIBox.cpp">
      <Filter>Source Files\GAME\ui</Filter>
    </ClCompile>
    <ClCompile Include="InfoPlayer.cpp">
      <Filter>Source Files\GAME\ui</Filter>
    </ClCompile>
    <ClCompile Include="InfoEnemy.cpp">
      <Filter>Source Files\GAME\ui</Filter>
    </ClCompile>
    <ClCompile Include="InfoItem.cpp">
      <Filter>Source Files\GAME\ui</Filter>
    </ClCompile>
    <ClCompile Include="Inventory.cpp">
      <Filter>Source Files\GAME\ui</Filter>
    </ClCompile>
    <ClCompile Include="InventorySlot.cpp">
      <Filter>Source Files\GAME\ui</Filter>
    </ClCompile>
    <ClCompile Include="EnemyCoordinator.cpp">
      <Filter>Source Files\GAME\ai</Filter>
    </ClCompile>
    <ClCompile Include="Pathfinder.cpp">
      <Filter>Source Files\GAME\ai</Filter>
    </ClCompile>
    <ClCompile Include="Architect.cpp">
      <Filter>Source Files\GAME\gen</Filter>
    </ClCompile>
    <ClCompile Include="RoomMain.cpp">
      <Filter>Source Files\GAME\main_menu</Filter>
    </ClCompile>
    <ClCompile Include="MenuItem.cpp">
      <Filter>Source Files\GAME\main_menu</Filter>
    </ClCompile>
    <ClCompile Include="MenuItemStart.cpp">
      <Filter>Source Files\GAME\main_menu</Filter>
    </ClCompile>
    <ClCompile Include="MenuItemQuit.cpp">
      <Filter>Source Files\GAME\main_menu</Filter>
    </ClCompile>
    <ClCompile Include="Stairs.cpp">
      <Filter>Source Files\GAME\elems</Filter>
    </ClCompile>
    <ClCompile Include="Missile.cpp">
      <Filter>Source Files\GAME\fx</Filter>
    </ClCompile>
    <ClCompile Include="Effect.cpp">
      <Filter>Source Files\GAME\effects</Filter>
    </ClCompile>
    <ClCompile Include="StorageEffects.cpp">
      <Filter>Source Files\GAME\read</Filter>
    </ClCompile>
    <ClCompile Include="WithTriggers.cpp">
      <Filter>Source Files\GAME\effects</Filter>
    </ClCompile>
    <ClCompile Include="Target.cpp">
      <Filter>Source Files\GAME\effects</Filter>
    </ClCompile>
    <ClCompile Include="EffectDestroy.cpp">
      <Filter>Source Files\GAME\effects</Filter>
    </ClCompile>
    <ClCompile Include="EffectHeal.cpp">
      <Filter>Source Files\GAME\effects</Filter>
    </ClCompile>
    <ClCompile Include="EffectCombine.cpp">
      <Filter>Source Files\GAME\effects</Filter>
    </ClCompile>
    <ClCompile Include="GlobalSoundBufferCont.cpp">
      <Filter>Source Files\GAME</Filter>
    </ClCompile>
    <ClCompile Include="DescriptorAvatar.cpp">
      <Filter>Source Files\GAME\read</Filter>
    </ClCompile>
    <ClCompile Include="DescriptorWithTriggers.cpp">
      <Filter>Source Files\GAME\read</Filter>
    </ClCompile>
    <ClCompile Include="Trigger.cpp">
      <Filter>Source Files\GAME\effects</Filter>
    </ClCompile>
    <ClCompile Include="WithStats.cpp">
      <Filter>Source Files\GAME\elems</Filter>
    </ClCompile>
    <ClCompile Include="DescriptorWithStats.cpp">
      <Filter>Source Files\GAME\read</Filter>
    </ClCompile>
    <ClCompile Include="EffectSound.cpp">
      <Filter>Source Files\GAME\effects</Filter>
    </ClCompile>
    <ClCompile Include="DescriptorCombatant.cpp">
      <Filter>Source Files\GAME\read</Filter>
    </ClCompile>
    <ClCompile Include="EffectHurt.cpp">
      <Filter>Source Files\GAME\effects</Filter>
    </ClCompile>
    <ClCompile Include="EffectMissile.cpp">
      <Filter>Source Files\GAME\effects</Filter>
    </ClCompile>
    <ClCompile Include="DescriptorBuff.cpp">
      <Filter>Source Files\GAME\read</Filter>
    </ClCompile>
    <ClCompile Include="Buff.cpp">
      <Filter>Source Files\GAME\elems</Filter>
    </ClCompile>
    <ClCompile Include="BuffHolder.cpp">
      <Filter>Source Files\GAME\elems</Filter>
    </ClCompile>
    <ClCompile Include="EffectBuff.cpp">
      <Filter>Source Files\GAME\effects</Filter>
    </ClCompile>
    <ClCompile Include="Door.cpp">
      <Filter>Source Files\GAME\elems</Filter>
    </ClCompile>
    <ClCompile Include="ArchitectMineBaron.cpp">
      <Filter>Source Files\GAME\gen</Filter>
    </ClCompile>
    <ClCompile Include="Miner.cpp">
      <Filter>Source Files\GAME\gen\miners</Filter>
    </ClCompile>
    <ClCompile Include="MinerRect.cpp">
      <Filter>Source Files\GAME\gen\miners</Filter>
    </ClCompile>
    <ClCompile Include="DescriptorLevel.cpp">
      <Filter>Source Files\GAME\read</Filter>
    </ClCompile>
    <ClCompile Include="EffectChance.cpp">
      <Filter>Source Files\GAME\effects</Filter>
    </ClCompile>
    <ClCompile Include="EffectMana.cpp">
      <Filter>Source Files\GAME\effects</Filter>
    </ClCompile>
    <ClCompile Include="RoomChooseAvatar.cpp">
      <Filter>Source Files\GAME\choose_avatar</Filter>
    </ClCompile>
    <ClCompile Include="ArchitectBossLevel.cpp">
      <Filter>Source Files\GAME\gen</Filter>
    </ClCompile>
  </ItemGroup>
  <ItemGroup>
    <ClInclude Include="..\..\..\Morph_0_7\include\Morph\Collisions.h">
      <Filter>Header Files\morph</Filter>
    </ClInclude>
    <ClInclude Include="..\..\..\Morph_0_7\include\Morph\CollMask.h">
      <Filter>Header Files\morph</Filter>
    </ClInclude>
    <ClInclude Include="..\..\..\Morph_0_7\include\Morph\Error.h">
      <Filter>Header Files\morph</Filter>
    </ClInclude>
    <ClInclude Include="..\..\..\Morph_0_7\include\Morph\Flow.h">
      <Filter>Header Files\morph</Filter>
    </ClInclude>
    <ClInclude Include="..\..\..\Morph_0_7\include\Morph\Look.h">
      <Filter>Header Files\morph</Filter>
    </ClInclude>
    <ClInclude Include="..\..\..\Morph_0_7\include\Morph\Object.h">
      <Filter>Header Files\morph</Filter>
    </ClInclude>
    <ClInclude Include="..\..\..\Morph_0_7\include\Morph\Room.h">
      <Filter>Header Files\morph</Filter>
    </ClInclude>
    <ClInclude Include="..\..\..\Morph_0_7\include\Morph\SfmlResCont.h">
      <Filter>Header Files\morph</Filter>
    </ClInclude>
    <ClInclude Include="..\..\..\Morph_0_7\include\Morph\CollMasks\CollCirc.h">
      <Filter>Header Files\morph\CollMasks</Filter>
    </ClInclude>
    <ClInclude Include="..\..\..\Morph_0_7\include\Morph\CollMasks\CollMulti.h">
      <Filter>Header Files\morph\CollMasks</Filter>
    </ClInclude>
    <ClInclude Include="..\..\..\Morph_0_7\include\Morph\CollMasks\CollRect.h">
      <Filter>Header Files\morph\CollMasks</Filter>
    </ClInclude>
    <ClInclude Include="..\..\..\Morph_0_7\include\Morph\Looks\LookAnimation.h">
      <Filter>Header Files\morph\Looks</Filter>
    </ClInclude>
    <ClInclude Include="..\..\..\Morph_0_7\include\Morph\Looks\LookCircShape.h">
      <Filter>Header Files\morph\Looks</Filter>
    </ClInclude>
    <ClInclude Include="..\..\..\Morph_0_7\include\Morph\Looks\LookMulti.h">
      <Filter>Header Files\morph\Looks</Filter>
    </ClInclude>
    <ClInclude Include="..\..\..\Morph_0_7\include\Morph\Looks\LookRectShape.h">
      <Filter>Header Files\morph\Looks</Filter>
    </ClInclude>
    <ClInclude Include="..\..\..\Morph_0_7\include\Morph\Looks\LookSprite.h">
      <Filter>Header Files\morph\Looks</Filter>
    </ClInclude>
    <ClInclude Include="..\..\..\Morph_0_7\include\Morph\Looks\LookText.h">
      <Filter>Header Files\morph\Looks</Filter>
    </ClInclude>
    <ClInclude Include="..\..\..\Morph_0_7\include\Morph\ResConts\FontCont.h">
      <Filter>Header Files\morph\ResConts</Filter>
    </ClInclude>
    <ClInclude Include="..\..\..\Morph_0_7\include\Morph\ResConts\SoundBufferCont.h">
      <Filter>Header Files\morph\ResConts</Filter>
    </ClInclude>
    <ClInclude Include="..\..\..\Morph_0_7\include\Morph\ResConts\TextureCont.h">
      <Filter>Header Files\morph\ResConts</Filter>
    </ClInclude>
    <ClInclude Include="..\..\..\Morph_0_7\include\Morph\Objects\ObjButton.h">
      <Filter>Header Files\morph\Objects</Filter>
    </ClInclude>
    <ClInclude Include="getRand.h">
      <Filter>Header Files\GAME</Filter>
    </ClInclude>
    <ClInclude Include="GlobalFontCont.h">
      <Filter>Header Files\GAME</Filter>
    </ClInclude>
    <ClInclude Include="GlobalTextureCont.h">
      <Filter>Header Files\GAME</Filter>
    </ClInclude>
    <ClInclude Include="ArchitectEnchBfs.h">
      <Filter>Header Files\GAME\gen</Filter>
    </ClInclude>
    <ClInclude Include="DungeonGenerator.h">
      <Filter>Header Files\GAME\gen</Filter>
    </ClInclude>
    <ClInclude Include="Map.h">
      <Filter>Header Files\GAME\lvl</Filter>
    </ClInclude>
    <ClInclude Include="Tile.h">
      <Filter>Header Files\GAME\lvl</Filter>
    </ClInclude>
    <ClInclude Include="RoomDungeon.h">
      <Filter>Header Files\GAME\lvl</Filter>
    </ClInclude>
    <ClInclude Include="DescriptorEnemy.h">
      <Filter>Header Files\GAME\read</Filter>
    </ClInclude>
    <ClInclude Include="DescriptorItem.h">
      <Filter>Header Files\GAME\read</Filter>
    </ClInclude>
    <ClInclude Include="Descriptors.h">
      <Filter>Header Files\GAME\read</Filter>
    </ClInclude>
    <ClInclude Include="FovCalc.h">
      <Filter>Header Files\GAME\lvl</Filter>
    </ClInclude>
    <ClInclude Include="Combatant.h">
      <Filter>Header Files\GAME\elems</Filter>
    </ClInclude>
    <ClInclude Include="Enemy.h">
      <Filter>Header Files\GAME\elems</Filter>
    </ClInclude>
    <ClInclude Include="Item.h">
      <Filter>Header Files\GAME\elems</Filter>
    </ClInclude>
    <ClInclude Include="Player.h">
      <Filter>Header Files\GAME\elems</Filter>
    </ClInclude>
    <ClInclude Include="Wall.h">
      <Filter>Header Files\GAME\elems</Filter>
    </ClInclude>
    <ClInclude Include="UIDungeon.h">
      <Filter>Header Files\GAME\ui</Filter>
    </ClInclude>
    <ClInclude Include="UIBox.h">
      <Filter>Header Files\GAME\ui</Filter>
    </ClInclude>
    <ClInclude Include="InfoPlayer.h">
      <Filter>Header Files\GAME\ui</Filter>
    </ClInclude>
    <ClInclude Include="InfoEnemy.h">
      <Filter>Header Files\GAME\ui</Filter>
    </ClInclude>
    <ClInclude Include="InfoItem.h">
      <Filter>Header Files\GAME\ui</Filter>
    </ClInclude>
    <ClInclude Include="Inventory.h">
      <Filter>Header Files\GAME\ui</Filter>
    </ClInclude>
    <ClInclude Include="InventorySlot.h">
      <Filter>Header Files\GAME\ui</Filter>
    </ClInclude>
    <ClInclude Include="EnemyCoordinator.h">
      <Filter>Header Files\GAME\ai</Filter>
    </ClInclude>
    <ClInclude Include="Pathfinder.h">
      <Filter>Header Files\GAME\ai</Filter>
    </ClInclude>
    <ClInclude Include="Architect.h">
      <Filter>Header Files\GAME\gen</Filter>
    </ClInclude>
    <ClInclude Include="RoomMain.h">
      <Filter>Header Files\GAME\main_menu</Filter>
    </ClInclude>
    <ClInclude Include="MenuItem.h">
      <Filter>Header Files\GAME\main_menu</Filter>
    </ClInclude>
    <ClInclude Include="MenuItemStart.h">
      <Filter>Header Files\GAME\main_menu</Filter>
    </ClInclude>
    <ClInclude Include="MenuItemQuit.h">
      <Filter>Header Files\GAME\main_menu</Filter>
    </ClInclude>
    <ClInclude Include="Stairs.h">
      <Filter>Header Files\GAME\elems</Filter>
    </ClInclude>
    <ClInclude Include="Missile.h">
      <Filter>Header Files\GAME\fx</Filter>
    </ClInclude>
    <ClInclude Include="Effect.h">
      <Filter>Header Files\GAME\effects</Filter>
    </ClInclude>
    <ClInclude Include="StorageEffects.h">
      <Filter>Header Files\GAME\read</Filter>
    </ClInclude>
    <ClInclude Include="WithTriggers.h">
      <Filter>Header Files\GAME\effects</Filter>
    </ClInclude>
    <ClInclude Include="Target.h">
      <Filter>Header Files\GAME\effects</Filter>
    </ClInclude>
    <ClInclude Include="EffectDestroy.h">
      <Filter>Header Files\GAME\effects</Filter>
    </ClInclude>
    <ClInclude Include="EffectHeal.h">
      <Filter>Header Files\GAME\effects</Filter>
    </ClInclude>
    <ClInclude Include="EffectCombine.h">
      <Filter>Header Files\GAME\effects</Filter>
    </ClInclude>
    <ClInclude Include="GlobalSoundBufferCont.h">
      <Filter>Header Files\GAME</Filter>
    </ClInclude>
    <ClInclude Include="DescriptorAvatar.h">
      <Filter>Header Files\GAME\read</Filter>
    </ClInclude>
    <ClInclude Include="DescriptorWithTriggers.h">
      <Filter>Header Files\GAME\read</Filter>
    </ClInclude>
    <ClInclude Include="Trigger.h">
      <Filter>Header Files\GAME\effects</Filter>
    </ClInclude>
    <ClInclude Include="WithStats.h">
      <Filter>Header Files\GAME\elems</Filter>
    </ClInclude>
    <ClInclude Include="DescriptorWithStats.h">
      <Filter>Header Files\GAME\read</Filter>
    </ClInclude>
    <ClInclude Include="EffectSound.h">
      <Filter>Header Files\GAME\effects</Filter>
    </ClInclude>
    <ClInclude Include="DescriptorCombatant.h">
      <Filter>Header Files\GAME\read</Filter>
    </ClInclude>
    <ClInclude Include="EffectHurt.h">
      <Filter>Header Files\GAME\effects</Filter>
    </ClInclude>
    <ClInclude Include="EffectMissile.h">
      <Filter>Header Files\GAME\effects</Filter>
    </ClInclude>
    <ClInclude Include="DescriptorBuff.h">
      <Filter>Header Files\GAME\read</Filter>
    </ClInclude>
    <ClInclude Include="Buff.h">
      <Filter>Header Files\GAME\elems</Filter>
    </ClInclude>
    <ClInclude Include="BuffHolder.h">
      <Filter>Header Files\GAME\elems</Filter>
    </ClInclude>
    <ClInclude Include="EffectBuff.h">
      <Filter>Header Files\GAME\effects</Filter>
    </ClInclude>
    <ClInclude Include="Door.h">
      <Filter>Header Files\GAME\elems</Filter>
    </ClInclude>
    <ClInclude Include="ArchitectMineBaron.h">
      <Filter>Header Files\GAME\gen</Filter>
    </ClInclude>
    <ClInclude Include="Miner.h">
      <Filter>Header Files\GAME\gen\miners</Filter>
    </ClInclude>
    <ClInclude Include="MinerRect.h">
      <Filter>Header Files\GAME\gen\miners</Filter>
    </ClInclude>
    <ClInclude Include="DescriptorLevel.h">
      <Filter>Header Files\GAME\read</Filter>
    </ClInclude>
    <ClInclude Include="EffectChance.h">
      <Filter>Header Files\GAME\elems</Filter>
    </ClInclude>
    <ClInclude Include="EffectMana.h">
      <Filter>Header Files\GAME\elems</Filter>
    </ClInclude>
    <ClInclude Include="RoomChooseAvatar.h">
      <Filter>Header Files\GAME\choose_avatar</Filter>
    </ClInclude>
    <ClInclude Include="ArchitectBossLevel.h">
      <Filter>Header Files\GAME\gen</Filter>
    </ClInclude>
  </ItemGroup>
  <ItemGroup>
    <ResourceCompile Include="resource.rc">
      <Filter>Resource Files</Filter>
    </ResourceCompile>
  </ItemGroup>
</Project>